
Microsoft Visual Studio Solution File, Format Version 12.00
# Visual Studio 2012
Project("{FAE04EC0-301F-11D3-BF4B-00C04F79EFBC}") = "GraphGen", "GraphGen\GraphGen.csproj", "{37CAF61C-D9BD-45B3-9530-1FB7911EFF79}"
EndProject
Global
	GlobalSection(SolutionConfigurationPlatforms) = preSolution
		Debug|x86 = Debug|x86
		Release|x86 = Release|x86
	EndGlobalSection
	GlobalSection(ProjectConfigurationPlatforms) = postSolution
		{37CAF61C-D9BD-45B3-9530-1FB7911EFF79}.Debug|x86.ActiveCfg = Debug|x86
		{37CAF61C-D9BD-45B3-9530-1FB7911EFF79}.Debug|x86.Build.0 = Debug|x86
		{37CAF61C-D9BD-45B3-9530-1FB7911EFF79}.Release|x86.ActiveCfg = Release|x86
		{37CAF61C-D9BD-45B3-9530-1FB7911EFF79}.Release|x86.Build.0 = Release|x86
	EndGlobalSection
EndGlobal
